// !$*UTF8*$!
{
	archiveVersion = 1;
	classes = {
	};
	objectVersion = 48;
	objects = {

/* Begin PBXBuildFile section */
		3C0066804F85C4FEB146CA68 /* libPods-ConfirmOrder.a in Frameworks */ = {isa = PBXBuildFile; fileRef = 78D1E25E14D19C24618E88A7 /* libPods-ConfirmOrder.a */; };
		4FEB9E6920C12E6B00D1BA8C /* AppDelegate.m in Sources */ = {isa = PBXBuildFile; fileRef = 4FEB9E6820C12E6B00D1BA8C /* AppDelegate.m */; };
		4FEB9E6C20C12E6B00D1BA8C /* ViewController.m in Sources */ = {isa = PBXBuildFile; fileRef = 4FEB9E6B20C12E6B00D1BA8C /* ViewController.m */; };
		4FEB9E6F20C12E6B00D1BA8C /* Main.storyboard in Resources */ = {isa = PBXBuildFile; fileRef = 4FEB9E6D20C12E6B00D1BA8C /* Main.storyboard */; };
		4FEB9E7120C12E6B00D1BA8C /* Assets.xcassets in Resources */ = {isa = PBXBuildFile; fileRef = 4FEB9E7020C12E6B00D1BA8C /* Assets.xcassets */; };
		4FEB9E7420C12E6B00D1BA8C /* LaunchScreen.storyboard in Resources */ = {isa = PBXBuildFile; fileRef = 4FEB9E7220C12E6B00D1BA8C /* LaunchScreen.storyboard */; };
		4FEB9E7720C12E6B00D1BA8C /* main.m in Sources */ = {isa = PBXBuildFile; fileRef = 4FEB9E7620C12E6B00D1BA8C /* main.m */; };
		4FEB9E8120C12E6B00D1BA8C /* ConfirmOrderTests.m in Sources */ = {isa = PBXBuildFile; fileRef = 4FEB9E8020C12E6B00D1BA8C /* ConfirmOrderTests.m */; };
		4FEB9E8C20C12E6B00D1BA8C /* ConfirmOrderUITests.m in Sources */ = {isa = PBXBuildFile; fileRef = 4FEB9E8B20C12E6B00D1BA8C /* ConfirmOrderUITests.m */; };
		4FEB9E9C20C12EA000D1BA8C /* ConfirmOrderServiceProvide.m in Sources */ = {isa = PBXBuildFile; fileRef = 4FEB9E9B20C12EA000D1BA8C /* ConfirmOrderServiceProvide.m */; };
		4FEB9E9F20C12EB700D1BA8C /* ConfirmOrderViewController.m in Sources */ = {isa = PBXBuildFile; fileRef = 4FEB9E9E20C12EB700D1BA8C /* ConfirmOrderViewController.m */; };
/* End PBXBuildFile section */

/* Begin PBXContainerItemProxy section */
		4FEB9E7D20C12E6B00D1BA8C /* PBXContainerItemProxy */ = {
			isa = PBXContainerItemProxy;
			containerPortal = 4FEB9E5C20C12E6B00D1BA8C /* Project object */;
			proxyType = 1;
			remoteGlobalIDString = 4FEB9E6320C12E6B00D1BA8C;
			remoteInfo = ConfirmOrder;
		};
		4FEB9E8820C12E6B00D1BA8C /* PBXContainerItemProxy */ = {
			isa = PBXContainerItemProxy;
			containerPortal = 4FEB9E5C20C12E6B00D1BA8C /* Project object */;
			proxyType = 1;
			remoteGlobalIDString = 4FEB9E6320C12E6B00D1BA8C;
			remoteInfo = ConfirmOrder;
		};
/* End PBXContainerItemProxy section */

/* Begin PBXFileReference section */
		23A73EF98974EE2859914E71 /* Pods-ConfirmOrder.debug.xcconfig */ = {isa = PBXFileReference; includeInIndex = 1; lastKnownFileType = text.xcconfig; name = "Pods-ConfirmOrder.debug.xcconfig"; path = "Pods/Target Support Files/Pods-ConfirmOrder/Pods-ConfirmOrder.debug.xcconfig"; sourceTree = "<group>"; };
		4FEB9E6420C12E6B00D1BA8C /* ConfirmOrder.app */ = {isa = PBXFileReference; explicitFileType = wrapper.application; includeInIndex = 0; path = ConfirmOrder.app; sourceTree = BUILT_PRODUCTS_DIR; };
		4FEB9E6720C12E6B00D1BA8C /* AppDelegate.h */ = {isa = PBXFileReference; lastKnownFileType = sourcecode.c.h; path = AppDelegate.h; sourceTree = "<group>"; };
		4FEB9E6820C12E6B00D1BA8C /* AppDelegate.m */ = {isa = PBXFileReference; lastKnownFileType = sourcecode.c.objc; path = AppDelegate.m; sourceTree = "<group>"; };
		4FEB9E6A20C12E6B00D1BA8C /* ViewController.h */ = {isa = PBXFileReference; lastKnownFileType = sourcecode.c.h; path = ViewController.h; sourceTree = "<group>"; };
		4FEB9E6B20C12E6B00D1BA8C /* ViewController.m */ = {isa = PBXFileReference; lastKnownFileType = sourcecode.c.objc; path = ViewController.m; sourceTree = "<group>"; };
		4FEB9E6E20C12E6B00D1BA8C /* Base */ = {isa = PBXFileReference; lastKnownFileType = file.storyboard; name = Base; path = Base.lproj/Main.storyboard; sourceTree = "<group>"; };
		4FEB9E7020C12E6B00D1BA8C /* Assets.xcassets */ = {isa = PBXFileReference; lastKnownFileType = folder.assetcatalog; path = Assets.xcassets; sourceTree = "<group>"; };
		4FEB9E7320C12E6B00D1BA8C /* Base */ = {isa = PBXFileReference; lastKnownFileType = file.storyboard; name = Base; path = Base.lproj/LaunchScreen.storyboard; sourceTree = "<group>"; };
		4FEB9E7520C12E6B00D1BA8C /* Info.plist */ = {isa = PBXFileReference; lastKnownFileType = text.plist.xml; path = Info.plist; sourceTree = "<group>"; };
		4FEB9E7620C12E6B00D1BA8C /* main.m */ = {isa = PBXFileReference; lastKnownFileType = sourcecode.c.objc; path = main.m; sourceTree = "<group>"; };
		4FEB9E7C20C12E6B00D1BA8C /* ConfirmOrderTests.xctest */ = {isa = PBXFileReference; explicitFileType = wrapper.cfbundle; includeInIndex = 0; path = ConfirmOrderTests.xctest; sourceTree = BUILT_PRODUCTS_DIR; };
		4FEB9E8020C12E6B00D1BA8C /* ConfirmOrderTests.m */ = {isa = PBXFileReference; lastKnownFileType = sourcecode.c.objc; path = ConfirmOrderTests.m; sourceTree = "<group>"; };
		4FEB9E8220C12E6B00D1BA8C /* Info.plist */ = {isa = PBXFileReference; lastKnownFileType = text.plist.xml; path = Info.plist; sourceTree = "<group>"; };
		4FEB9E8720C12E6B00D1BA8C /* ConfirmOrderUITests.xctest */ = {isa = PBXFileReference; explicitFileType = wrapper.cfbundle; includeInIndex = 0; path = ConfirmOrderUITests.xctest; sourceTree = BUILT_PRODUCTS_DIR; };
		4FEB9E8B20C12E6B00D1BA8C /* ConfirmOrderUITests.m */ = {isa = PBXFileReference; lastKnownFileType = sourcecode.c.objc; path = ConfirmOrderUITests.m; sourceTree = "<group>"; };
		4FEB9E8D20C12E6B00D1BA8C /* Info.plist */ = {isa = PBXFileReference; lastKnownFileType = text.plist.xml; path = Info.plist; sourceTree = "<group>"; };
		4FEB9E9A20C12E9F00D1BA8C /* ConfirmOrderServiceProvide.h */ = {isa = PBXFileReference; lastKnownFileType = sourcecode.c.h; path = ConfirmOrderServiceProvide.h; sourceTree = "<group>"; };
		4FEB9E9B20C12EA000D1BA8C /* ConfirmOrderServiceProvide.m */ = {isa = PBXFileReference; lastKnownFileType = sourcecode.c.objc; path = ConfirmOrderServiceProvide.m; sourceTree = "<group>"; };
		4FEB9E9D20C12EB700D1BA8C /* ConfirmOrderViewController.h */ = {isa = PBXFileReference; lastKnownFileType = sourcecode.c.h; path = ConfirmOrderViewController.h; sourceTree = "<group>"; };
		4FEB9E9E20C12EB700D1BA8C /* ConfirmOrderViewController.m */ = {isa = PBXFileReference; lastKnownFileType = sourcecode.c.objc; path = ConfirmOrderViewController.m; sourceTree = "<group>"; };
		73B8668A8E4D983969E6B17D /* Pods-ConfirmOrder.release.xcconfig */ = {isa = PBXFileReference; includeInIndex = 1; lastKnownFileType = text.xcconfig; name = "Pods-ConfirmOrder.release.xcconfig"; path = "Pods/Target Support Files/Pods-ConfirmOrder/Pods-ConfirmOrder.release.xcconfig"; sourceTree = "<group>"; };
		78D1E25E14D19C24618E88A7 /* libPods-ConfirmOrder.a */ = {isa = PBXFileReference; explicitFileType = archive.ar; includeInIndex = 0; path = "libPods-ConfirmOrder.a"; sourceTree = BUILT_PRODUCTS_DIR; };
/* End PBXFileReference section */

/* Begin PBXFrameworksBuildPhase section */
		4FEB9E6120C12E6B00D1BA8C /* Frameworks */ = {
			isa = PBXFrameworksBuildPhase;
			buildActionMask = 2147483647;
			files = (
				3C0066804F85C4FEB146CA68 /* libPods-ConfirmOrder.a in Frameworks */,
			);
			runOnlyForDeploymentPostprocessing = 0;
		};
		4FEB9E7920C12E6B00D1BA8C /* Frameworks */ = {
			isa = PBXFrameworksBuildPhase;
			buildActionMask = 2147483647;
			files = (
			);
			runOnlyForDeploymentPostprocessing = 0;
		};
		4FEB9E8420C12E6B00D1BA8C /* Frameworks */ = {
			isa = PBXFrameworksBuildPhase;
			buildActionMask = 2147483647;
			files = (
			);
			runOnlyForDeploymentPostprocessing = 0;
		};
/* End PBXFrameworksBuildPhase section */

/* Begin PBXGroup section */
		4FEB9E5B20C12E6B00D1BA8C = {
			isa = PBXGroup;
			children = (
				4FEB9E6620C12E6B00D1BA8C /* ConfirmOrder */,
				4FEB9E7F20C12E6B00D1BA8C /* ConfirmOrderTests */,
				4FEB9E8A20C12E6B00D1BA8C /* ConfirmOrderUITests */,
				4FEB9E6520C12E6B00D1BA8C /* Products */,
				8C992BCDC540235EAD8A25FF /* Pods */,
				6C91501FC8BEA5E009F43ABC /* Frameworks */,
			);
			sourceTree = "<group>";
		};
		4FEB9E6520C12E6B00D1BA8C /* Products */ = {
			isa = PBXGroup;
			children = (
				4FEB9E6420C12E6B00D1BA8C /* ConfirmOrder.app */,
				4FEB9E7C20C12E6B00D1BA8C /* ConfirmOrderTests.xctest */,
				4FEB9E8720C12E6B00D1BA8C /* ConfirmOrderUITests.xctest */,
			);
			name = Products;
			sourceTree = "<group>";
		};
		4FEB9E6620C12E6B00D1BA8C /* ConfirmOrder */ = {
			isa = PBXGroup;
			children = (
				4FEB9E9920C12E7300D1BA8C /* ConfirmOrder */,
				4FEB9E6720C12E6B00D1BA8C /* AppDelegate.h */,
				4FEB9E6820C12E6B00D1BA8C /* AppDelegate.m */,
				4FEB9E6A20C12E6B00D1BA8C /* ViewController.h */,
				4FEB9E6B20C12E6B00D1BA8C /* ViewController.m */,
				4FEB9E6D20C12E6B00D1BA8C /* Main.storyboard */,
				4FEB9E7020C12E6B00D1BA8C /* Assets.xcassets */,
				4FEB9E7220C12E6B00D1BA8C /* LaunchScreen.storyboard */,
				4FEB9E7520C12E6B00D1BA8C /* Info.plist */,
				4FEB9E7620C12E6B00D1BA8C /* main.m */,
			);
			path = ConfirmOrder;
			sourceTree = "<group>";
		};
		4FEB9E7F20C12E6B00D1BA8C /* ConfirmOrderTests */ = {
			isa = PBXGroup;
			children = (
				4FEB9E8020C12E6B00D1BA8C /* ConfirmOrderTests.m */,
				4FEB9E8220C12E6B00D1BA8C /* Info.plist */,
			);
			path = ConfirmOrderTests;
			sourceTree = "<group>";
		};
		4FEB9E8A20C12E6B00D1BA8C /* ConfirmOrderUITests */ = {
			isa = PBXGroup;
			children = (
				4FEB9E8B20C12E6B00D1BA8C /* ConfirmOrderUITests.m */,
				4FEB9E8D20C12E6B00D1BA8C /* Info.plist */,
			);
			path = ConfirmOrderUITests;
			sourceTree = "<group>";
		};
		4FEB9E9920C12E7300D1BA8C /* ConfirmOrder */ = {
			isa = PBXGroup;
			children = (
				4FEB9E9A20C12E9F00D1BA8C /* ConfirmOrderServiceProvide.h */,
				4FEB9E9B20C12EA000D1BA8C /* ConfirmOrderServiceProvide.m */,
				4FEB9E9D20C12EB700D1BA8C /* ConfirmOrderViewController.h */,
				4FEB9E9E20C12EB700D1BA8C /* ConfirmOrderViewController.m */,
			);
			path = ConfirmOrder;
			sourceTree = "<group>";
		};
		6C91501FC8BEA5E009F43ABC /* Frameworks */ = {
			isa = PBXGroup;
			children = (
				78D1E25E14D19C24618E88A7 /* libPods-ConfirmOrder.a */,
			);
			name = Frameworks;
			sourceTree = "<group>";
		};
		8C992BCDC540235EAD8A25FF /* Pods */ = {
			isa = PBXGroup;
			children = (
				23A73EF98974EE2859914E71 /* Pods-ConfirmOrder.debug.xcconfig */,
				73B8668A8E4D983969E6B17D /* Pods-ConfirmOrder.release.xcconfig */,
			);
			name = Pods;
			sourceTree = "<group>";
		};
/* End PBXGroup section */

/* Begin PBXNativeTarget section */
		4FEB9E6320C12E6B00D1BA8C /* ConfirmOrder */ = {
			isa = PBXNativeTarget;
			buildConfigurationList = 4FEB9E9020C12E6B00D1BA8C /* Build configuration list for PBXNativeTarget "ConfirmOrder" */;
			buildPhases = (
				FACF3F1E8D0A635E49651925 /* [CP] Check Pods Manifest.lock */,
				4FEB9E6020C12E6B00D1BA8C /* Sources */,
				4FEB9E6120C12E6B00D1BA8C /* Frameworks */,
				4FEB9E6220C12E6B00D1BA8C /* Resources */,
				8F4E8565E1C67957798397A9 /* [CP] Embed Pods Frameworks */,
				AE2353771B649FA2EF6EC716 /* [CP] Copy Pods Resources */,
			);
			buildRules = (
			);
			dependencies = (
			);
			name = ConfirmOrder;
			productName = ConfirmOrder;
			productReference = 4FEB9E6420C12E6B00D1BA8C /* ConfirmOrder.app */;
			productType = "com.apple.product-type.application";
		};
		4FEB9E7B20C12E6B00D1BA8C /* ConfirmOrderTests */ = {
			isa = PBXNativeTarget;
			buildConfigurationList = 4FEB9E9320C12E6B00D1BA8C /* Build configuration list for PBXNativeTarget "ConfirmOrderTests" */;
			buildPhases = (
				4FEB9E7820C12E6B00D1BA8C /* Sources */,
				4FEB9E7920C12E6B00D1BA8C /* Frameworks */,
				4FEB9E7A20C12E6B00D1BA8C /* Resources */,
			);
			buildRules = (
			);
			dependencies = (
				4FEB9E7E20C12E6B00D1BA8C /* PBXTargetDependency */,
			);
			name = ConfirmOrderTests;
			productName = ConfirmOrderTests;
			productReference = 4FEB9E7C20C12E6B00D1BA8C /* ConfirmOrderTests.xctest */;
			productType = "com.apple.product-type.bundle.unit-test";
		};
		4FEB9E8620C12E6B00D1BA8C /* ConfirmOrderUITests */ = {
			isa = PBXNativeTarget;
			buildConfigurationList = 4FEB9E9620C12E6B00D1BA8C /* Build configuration list for PBXNativeTarget "ConfirmOrderUITests" */;
			buildPhases = (
				4FEB9E8320C12E6B00D1BA8C /* Sources */,
				4FEB9E8420C12E6B00D1BA8C /* Frameworks */,
				4FEB9E8520C12E6B00D1BA8C /* Resources */,
			);
			buildRules = (
			);
			dependencies = (
				4FEB9E8920C12E6B00D1BA8C /* PBXTargetDependency */,
			);
			name = ConfirmOrderUITests;
			productName = ConfirmOrderUITests;
			productReference = 4FEB9E8720C12E6B00D1BA8C /* ConfirmOrderUITests.xctest */;
			productType = "com.apple.product-type.bundle.ui-testing";
		};
/* End PBXNativeTarget section */

/* Begin PBXProject section */
		4FEB9E5C20C12E6B00D1BA8C /* Project object */ = {
			isa = PBXProject;
			attributes = {
				LastUpgradeCheck = 0920;
				ORGANIZATIONNAME = zsf;
				TargetAttributes = {
					4FEB9E6320C12E6B00D1BA8C = {
						CreatedOnToolsVersion = 9.2;
						ProvisioningStyle = Automatic;
					};
					4FEB9E7B20C12E6B00D1BA8C = {
						CreatedOnToolsVersion = 9.2;
						ProvisioningStyle = Automatic;
						TestTargetID = 4FEB9E6320C12E6B00D1BA8C;
					};
					4FEB9E8620C12E6B00D1BA8C = {
						CreatedOnToolsVersion = 9.2;
						ProvisioningStyle = Automatic;
						TestTargetID = 4FEB9E6320C12E6B00D1BA8C;
					};
				};
			};
			buildConfigurationList = 4FEB9E5F20C12E6B00D1BA8C /* Build configuration list for PBXProject "ConfirmOrder" */;
			compatibilityVersion = "Xcode 8.0";
			developmentRegion = en;
			hasScannedForEncodings = 0;
			knownRegions = (
				en,
				Base,
			);
			mainGroup = 4FEB9E5B20C12E6B00D1BA8C;
			productRefGroup = 4FEB9E6520C12E6B00D1BA8C /* Products */;
			projectDirPath = "";
			projectRoot = "";
			targets = (
				4FEB9E6320C12E6B00D1BA8C /* ConfirmOrder */,
				4FEB9E7B20C12E6B00D1BA8C /* ConfirmOrderTests */,
				4FEB9E8620C12E6B00D1BA8C /* ConfirmOrderUITests */,
			);
		};
/* End PBXProject section */

/* Begin PBXResourcesBuildPhase section */
		4FEB9E6220C12E6B00D1BA8C /* Resources */ = {
			isa = PBXResourcesBuildPhase;
			buildActionMask = 2147483647;
			files = (
				4FEB9E7420C12E6B00D1BA8C /* LaunchScreen.storyboard in Resources */,
				4FEB9E7120C12E6B00D1BA8C /* Assets.xcassets in Resources */,
				4FEB9E6F20C12E6B00D1BA8C /* Main.storyboard in Resources */,
			);
			runOnlyForDeploymentPostprocessing = 0;
		};
		4FEB9E7A20C12E6B00D1BA8C /* Resources */ = {
			isa = PBXResourcesBuildPhase;
			buildActionMask = 2147483647;
			files = (
			);
			runOnlyForDeploymentPostprocessing = 0;
		};
		4FEB9E8520C12E6B00D1BA8C /* Resources */ = {
			isa = PBXResourcesBuildPhase;
			buildActionMask = 2147483647;
			files = (
			);
			runOnlyForDeploymentPostprocessing = 0;
		};
/* End PBXResourcesBuildPhase section */

/* Begin PBXShellScriptBuildPhase section */
		8F4E8565E1C67957798397A9 /* [CP] Embed Pods Frameworks */ = {
			isa = PBXShellScriptBuildPhase;
			buildActionMask = 2147483647;
			files = (
			);
			inputPaths = (
			);
			name = "[CP] Embed Pods Frameworks";
			outputPaths = (
			);
			runOnlyForDeploymentPostprocessing = 0;
			shellPath = /bin/sh;
			shellScript = "\"${SRCROOT}/Pods/Target Support Files/Pods-ConfirmOrder/Pods-ConfirmOrder-frameworks.sh\"\n";
			showEnvVarsInLog = 0;
		};
		AE2353771B649FA2EF6EC716 /* [CP] Copy Pods Resources */ = {
			isa = PBXShellScriptBuildPhase;
			buildActionMask = 2147483647;
			files = (
			);
			inputPaths = (
			);
			name = "[CP] Copy Pods Resources";
			outputPaths = (
			);
			runOnlyForDeploymentPostprocessing = 0;
			shellPath = /bin/sh;
			shellScript = "\"${SRCROOT}/Pods/Target Support Files/Pods-ConfirmOrder/Pods-ConfirmOrder-resources.sh\"\n";
			showEnvVarsInLog = 0;
		};
		FACF3F1E8D0A635E49651925 /* [CP] Check Pods Manifest.lock */ = {
			isa = PBXShellScriptBuildPhase;
			buildActionMask = 2147483647;
			files = (
			);
			inputPaths = (
				"${PODS_PODFILE_DIR_PATH}/Podfile.lock",
				"${PODS_ROOT}/Manifest.lock",
			);
			name = "[CP] Check Pods Manifest.lock";
			outputPaths = (
				"$(DERIVED_FILE_DIR)/Pods-ConfirmOrder-checkManifestLockResult.txt",
			);
			runOnlyForDeploymentPostprocessing = 0;
			shellPath = /bin/sh;
			shellScript = "diff \"${PODS_PODFILE_DIR_PATH}/Podfile.lock\" \"${PODS_ROOT}/Manifest.lock\" > /dev/null\nif [ $? != 0 ] ; then\n    # print error to STDERR\n    echo \"error: The sandbox is not in sync with the Podfile.lock. Run 'pod install' or update your CocoaPods installation.\" >&2\n    exit 1\nfi\n# This output is used by Xcode 'outputs' to avoid re-running this script phase.\necho \"SUCCESS\" > \"${SCRIPT_OUTPUT_FILE_0}\"\n";
			showEnvVarsInLog = 0;
		};
/* End PBXShellScriptBuildPhase section */

/* Begin PBXSourcesBuildPhase section */
		4FEB9E6020C12E6B00D1BA8C /* Sources */ = {
			isa = PBXSourcesBuildPhase;
			buildActionMask = 2147483647;
			files = (
				4FEB9E9F20C12EB700D1BA8C /* ConfirmOrderViewController.m in Sources */,
				4FEB9E6C20C12E6B00D1BA8C /* ViewController.m in Sources */,
				4FEB9E7720C12E6B00D1BA8C /* main.m in Sources */,
				4FEB9E6920C12E6B00D1BA8C /* AppDelegate.m in Sources */,
				4FEB9E9C20C12EA000D1BA8C /* ConfirmOrderServiceProvide.m in Sources */,
			);
			runOnlyForDeploymentPostprocessing = 0;
		};
		4FEB9E7820C12E6B00D1BA8C /* Sources */ = {
			isa = PBXSourcesBuildPhase;
			buildActionMask = 2147483647;
			files = (
				4FEB9E8120C12E6B00D1BA8C /* ConfirmOrderTests.m in Sources */,
			);
			runOnlyForDeploymentPostprocessing = 0;
		};
		4FEB9E8320C12E6B00D1BA8C /* Sources */ = {
			isa = PBXSourcesBuildPhase;
			buildActionMask = 2147483647;
			files = (
				4FEB9E8C20C12E6B00D1BA8C /* ConfirmOrderUITests.m in Sources */,
			);
			runOnlyForDeploymentPostprocessing = 0;
		};
/* End PBXSourcesBuildPhase section */

/* Begin PBXTargetDependency section */
		4FEB9E7E20C12E6B00D1BA8C /* PBXTargetDependency */ = {
			isa = PBXTargetDependency;
			target = 4FEB9E6320C12E6B00D1BA8C /* ConfirmOrder */;
			targetProxy = 4FEB9E7D20C12E6B00D1BA8C /* PBXContainerItemProxy */;
		};
		4FEB9E8920C12E6B00D1BA8C /* PBXTargetDependency */ = {
			isa = PBXTargetDependency;
			target = 4FEB9E6320C12E6B00D1BA8C /* ConfirmOrder */;
			targetProxy = 4FEB9E8820C12E6B00D1BA8C /* PBXContainerItemProxy */;
		};
/* End PBXTargetDependency section */

/* Begin PBXVariantGroup section */
		4FEB9E6D20C12E6B00D1BA8C /* Main.storyboard */ = {
			isa = PBXVariantGroup;
			children = (
				4FEB9E6E20C12E6B00D1BA8C /* Base */,
			);
			name = Main.storyboard;
			sourceTree = "<group>";
		};
		4FEB9E7220C12E6B00D1BA8C /* LaunchScreen.storyboard */ = {
			isa = PBXVariantGroup;
			children = (
				4FEB9E7320C12E6B00D1BA8C /* Base */,
			);
			name = LaunchScreen.storyboard;
			sourceTree = "<group>";
		};
/* End PBXVariantGroup section */

/* Begin XCBuildConfiguration section */
		4FEB9E8E20C12E6B00D1BA8C /* Debug */ = {
			isa = XCBuildConfiguration;
			buildSettings = {
				ALWAYS_SEARCH_USER_PATHS = NO;
				CLANG_ANALYZER_NONNULL = YES;
				CLANG_ANALYZER_NUMBER_OBJECT_CONVERSION = YES_AGGRESSIVE;
				CLANG_CXX_LANGUAGE_STANDARD = "gnu++14";
				CLANG_CXX_LIBRARY = "libc++";
				CLANG_ENABLE_MODULES = YES;
				CLANG_ENABLE_OBJC_ARC = YES;
				CLANG_WARN_BLOCK_CAPTURE_AUTORELEASING = YES;
				CLANG_WARN_BOOL_CONVERSION = YES;
				CLANG_WARN_COMMA = YES;
				CLANG_WARN_CONSTANT_CONVERSION = YES;
				CLANG_WARN_DIRECT_OBJC_ISA_USAGE = YES_ERROR;
				CLANG_WARN_DOCUMENTATION_COMMENTS = YES;
				CLANG_WARN_EMPTY_BODY = YES;
				CLANG_WARN_ENUM_CONVERSION = YES;
				CLANG_WARN_INFINITE_RECURSION = YES;
				CLANG_WARN_INT_CONVERSION = YES;
				CLANG_WARN_NON_LITERAL_NULL_CONVERSION = YES;
				CLANG_WARN_OBJC_LITERAL_CONVERSION = YES;
				CLANG_WARN_OBJC_ROOT_CLASS = YES_ERROR;
				CLANG_WARN_RANGE_LOOP_ANALYSIS = YES;
				CLANG_WARN_STRICT_PROTOTYPES = YES;
				CLANG_WARN_SUSPICIOUS_MOVE = YES;
				CLANG_WARN_UNGUARDED_AVAILABILITY = YES_AGGRESSIVE;
				CLANG_WARN_UNREACHABLE_CODE = YES;
				CLANG_WARN__DUPLICATE_METHOD_MATCH = YES;
				CODE_SIGN_IDENTITY = "iPhone Developer";
				COPY_PHASE_STRIP = NO;
				DEBUG_INFORMATION_FORMAT = dwarf;
				ENABLE_STRICT_OBJC_MSGSEND = YES;
				ENABLE_TESTABILITY = YES;
				GCC_C_LANGUAGE_STANDARD = gnu11;
				GCC_DYNAMIC_NO_PIC = NO;
				GCC_NO_COMMON_BLOCKS = YES;
				GCC_OPTIMIZATION_LEVEL = 0;
				GCC_PREPROCESSOR_DEFINITIONS = (
					"DEBUG=1",
					"$(inherited)",
				);
				GCC_WARN_64_TO_32_BIT_CONVERSION = YES;
				GCC_WARN_ABOUT_RETURN_TYPE = YES_ERROR;
				GCC_WARN_UNDECLARED_SELECTOR = YES;
				GCC_WARN_UNINITIALIZED_AUTOS = YES_AGGRESSIVE;
				GCC_WARN_UNUSED_FUNCTION = YES;
				GCC_WARN_UNUSED_VARIABLE = YES;
				IPHONEOS_DEPLOYMENT_TARGET = 11.2;
				MTL_ENABLE_DEBUG_INFO = YES;
				ONLY_ACTIVE_ARCH = YES;
				SDKROOT = iphoneos;
			};
			name = Debug;
		};
		4FEB9E8F20C12E6B00D1BA8C /* Release */ = {
			isa = XCBuildConfiguration;
			buildSettings = {
				ALWAYS_SEARCH_USER_PATHS = NO;
				CLANG_ANALYZER_NONNULL = YES;
				CLANG_ANALYZER_NUMBER_OBJECT_CONVERSION = YES_AGGRESSIVE;
				CLANG_CXX_LANGUAGE_STANDARD = "gnu++14";
				CLANG_CXX_LIBRARY = "libc++";
				CLANG_ENABLE_MODULES = YES;
				CLANG_ENABLE_OBJC_ARC = YES;
				CLANG_WARN_BLOCK_CAPTURE_AUTORELEASING = YES;
				CLANG_WARN_BOOL_CONVERSION = YES;
				CLANG_WARN_COMMA = YES;
				CLANG_WARN_CONSTANT_CONVERSION = YES;
				CLANG_WARN_DIRECT_OBJC_ISA_USAGE = YES_ERROR;
				CLANG_WARN_DOCUMENTATION_COMMENTS = YES;
				CLANG_WARN_EMPTY_BODY = YES;
				CLANG_WARN_ENUM_CONVERSION = YES;
				CLANG_WARN_INFINITE_RECURSION = YES;
				CLANG_WARN_INT_CONVERSION = YES;
				CLANG_WARN_NON_LITERAL_NULL_CONVERSION = YES;
				CLANG_WARN_OBJC_LITERAL_CONVERSION = YES;
				CLANG_WARN_OBJC_ROOT_CLASS = YES_ERROR;
				CLANG_WARN_RANGE_LOOP_ANALYSIS = YES;
				CLANG_WARN_STRICT_PROTOTYPES = YES;
				CLANG_WARN_SUSPICIOUS_MOVE = YES;
				CLANG_WARN_UNGUARDED_AVAILABILITY = YES_AGGRESSIVE;
				CLANG_WARN_UNREACHABLE_CODE = YES;
				CLANG_WARN__DUPLICATE_METHOD_MATCH = YES;
				CODE_SIGN_IDENTITY = "iPhone Developer";
				COPY_PHASE_STRIP = NO;
				DEBUG_INFORMATION_FORMAT = "dwarf-with-dsym";
				ENABLE_NS_ASSERTIONS = NO;
				ENABLE_STRICT_OBJC_MSGSEND = YES;
				GCC_C_LANGUAGE_STANDARD = gnu11;
				GCC_NO_COMMON_BLOCKS = YES;
				GCC_WARN_64_TO_32_BIT_CONVERSION = YES;
				GCC_WARN_ABOUT_RETURN_TYPE = YES_ERROR;
				GCC_WARN_UNDECLARED_SELECTOR = YES;
				GCC_WARN_UNINITIALIZED_AUTOS = YES_AGGRESSIVE;
				GCC_WARN_UNUSED_FUNCTION = YES;
				GCC_WARN_UNUSED_VARIABLE = YES;
				IPHONEOS_DEPLOYMENT_TARGET = 11.2;
				MTL_ENABLE_DEBUG_INFO = NO;
				SDKROOT = iphoneos;
				VALIDATE_PRODUCT = YES;
			};
			name = Release;
		};
		4FEB9E9120C12E6B00D1BA8C /* Debug */ = {
			isa = XCBuildConfiguration;
			baseConfigurationReference = 23A73EF98974EE2859914E71 /* Pods-ConfirmOrder.debug.xcconfig */;
			buildSettings = {
				ASSETCATALOG_COMPILER_APPICON_NAME = AppIcon;
				CODE_SIGN_STYLE = Automatic;
				DEVELOPMENT_TEAM = LFS5NV45GM;
				INFOPLIST_FILE = ConfirmOrder/Info.plist;
				LD_RUNPATH_SEARCH_PATHS = "$(inherited) @executable_path/Frameworks";
				PRODUCT_BUNDLE_IDENTIFIER = PAC.ConfirmOrder;
				PRODUCT_NAME = "$(TARGET_NAME)";
				TARGETED_DEVICE_FAMILY = "1,2";
			};
			name = Debug;
		};
		4FEB9E9220C12E6B00D1BA8C /* Release */ = {
			isa = XCBuildConfiguration;
			baseConfigurationReference = 73B8668A8E4D983969E6B17D /* Pods-ConfirmOrder.release.xcconfig */;
			buildSettings = {
				ASSETCATALOG_COMPILER_APPICON_NAME = AppIcon;
				CODE_SIGN_STYLE = Automatic;
				DEVELOPMENT_TEAM = LFS5NV45GM;
				INFOPLIST_FILE = ConfirmOrder/Info.plist;
				LD_RUNPATH_SEARCH_PATHS = "$(inherited) @executable_path/Frameworks";
				PRODUCT_BUNDLE_IDENTIFIER = PAC.ConfirmOrder;
				PRODUCT_NAME = "$(TARGET_NAME)";
				TARGETED_DEVICE_FAMILY = "1,2";
			};
			name = Release;
		};
		4FEB9E9420C12E6B00D1BA8C /* Debug */ = {
			isa = XCBuildConfiguration;
			buildSettings = {
				BUNDLE_LOADER = "$(TEST_HOST)";
				CODE_SIGN_STYLE = Automatic;
				DEVELOPMENT_TEAM = LFS5NV45GM;
				INFOPLIST_FILE = ConfirmOrderTests/Info.plist;
				LD_RUNPATH_SEARCH_PATHS = "$(inherited) @executable_path/Frameworks @loader_path/Frameworks";
				PRODUCT_BUNDLE_IDENTIFIER = PAC.ConfirmOrderTests;
				PRODUCT_NAME = "$(TARGET_NAME)";
				TARGETED_DEVICE_FAMILY = "1,2";
				TEST_HOST = "$(BUILT_PRODUCTS_DIR)/ConfirmOrder.app/ConfirmOrder";
			};
			name = Debug;
		};
		4FEB9E9520C12E6B00D1BA8C /* Release */ = {
			isa = XCBuildConfiguration;
			buildSettings = {
				BUNDLE_LOADER = "$(TEST_HOST)";
				CODE_SIGN_STYLE = Automatic;
				DEVELOPMENT_TEAM = LFS5NV45GM;
				INFOPLIST_FILE = ConfirmOrderTests/Info.plist;
				LD_RUNPATH_SEARCH_PATHS = "$(inherited) @executable_path/Frameworks @loader_path/Frameworks";
				PRODUCT_BUNDLE_IDENTIFIER = PAC.ConfirmOrderTests;
				PRODUCT_NAME = "$(TARGET_NAME)";
				TARGETED_DEVICE_FAMILY = "1,2";
				TEST_HOST = "$(BUILT_PRODUCTS_DIR)/ConfirmOrder.app/ConfirmOrder";
			};
			name = Release;
		};
		4FEB9E9720C12E6B00D1BA8C /* Debug */ = {
			isa = XCBuildConfiguration;
			buildSettings = {
				CODE_SIGN_STYLE = Automatic;
				DEVELOPMENT_TEAM = LFS5NV45GM;
				INFOPLIST_FILE = ConfirmOrderUITests/Info.plist;
				LD_RUNPATH_SEARCH_PATHS = "$(inherited) @executable_path/Frameworks @loader_path/Frameworks";
				PRODUCT_BUNDLE_IDENTIFIER = PAC.ConfirmOrderUITests;
				PRODUCT_NAME = "$(TARGET_NAME)";
				TARGETED_DEVICE_FAMILY = "1,2";
				TEST_TARGET_NAME = ConfirmOrder;
			};
			name = Debug;
		};
		4FEB9E9820C12E6B00D1BA8C /* Release */ = {
			isa = XCBuildConfiguration;
			buildSettings = {
				CODE_SIGN_STYLE = Automatic;
				DEVELOPMENT_TEAM = LFS5NV45GM;
				INFOPLIST_FILE = ConfirmOrderUITests/Info.plist;
				LD_RUNPATH_SEARCH_PATHS = "$(inherited) @executable_path/Frameworks @loader_path/Frameworks";
				PRODUCT_BUNDLE_IDENTIFIER = PAC.ConfirmOrderUITests;
				PRODUCT_NAME = "$(TARGET_NAME)";
				TARGETED_DEVICE_FAMILY = "1,2";
				TEST_TARGET_NAME = ConfirmOrder;
			};
			name = Release;
		};
/* End XCBuildConfiguration section */

/* Begin XCConfigurationList section */
		4FEB9E5F20C12E6B00D1BA8C /* Build configuration list for PBXProject "ConfirmOrder" */ = {
			isa = XCConfigurationList;
			buildConfigurations = (
				4FEB9E8E20C12E6B00D1BA8C /* Debug */,
				4FEB9E8F20C12E6B00D1BA8C /* Release */,
			);
			defaultConfigurationIsVisible = 0;
			defaultConfigurationName = Release;
		};
		4FEB9E9020C12E6B00D1BA8C /* Build configuration list for PBXNativeTarget "ConfirmOrder" */ = {
			isa = XCConfigurationList;
			buildConfigurations = (
				4FEB9E9120C12E6B00D1BA8C /* Debug */,
				4FEB9E9220C12E6B00D1BA8C /* Release */,
			);
			defaultConfigurationIsVisible = 0;
			defaultConfigurationName = Release;
		};
		4FEB9E9320C12E6B00D1BA8C /* Build configuration list for PBXNativeTarget "ConfirmOrderTests" */ = {
			isa = XCConfigurationList;
			buildConfigurations = (
				4FEB9E9420C12E6B00D1BA8C /* Debug */,
				4FEB9E9520C12E6B00D1BA8C /* Release */,
			);
			defaultConfigurationIsVisible = 0;
			defaultConfigurationName = Release;
		};
		4FEB9E9620C12E6B00D1BA8C /* Build configuration list for PBXNativeTarget "ConfirmOrderUITests" */ = {
			isa = XCConfigurationList;
			buildConfigurations = (
				4FEB9E9720C12E6B00D1BA8C /* Debug */,
				4FEB9E9820C12E6B00D1BA8C /* Release */,
			);
			defaultConfigurationIsVisible = 0;
			defaultConfigurationName = Release;
		};
/* End XCConfigurationList section */
	};
	rootObject = 4FEB9E5C20C12E6B00D1BA8C /* Project object */;
}
